<Solution>
  <Project Path="ExpenseTracker.Api/ExpenseTracker.Api.csproj" />
  <Project Path="ExpenseTracker.Core/ExpenseTracker.Core.csproj" />
  <Project Path="ExpenseTracker.Infrastructure/ExpenseTracker.Infrastructure.csproj" />
  <Project Path="ExpenseTracker.Security/ExpenseTracker.Security.csproj" />
</Solution>
